
Microsoft Visual Studio Solution File, Format Version 12.00
# Visual Studio 15
Project("{FAE04EC0-301F-11D3-BF4B-00C04F79EFBC}") = "UnityEngine.UI", "UnityEngine.UI.csproj", "{29F3837C-3C2B-F07D-7C93-311F4AF5C4DC}"
EndProject
Project("{FAE04EC0-301F-11D3-BF4B-00C04F79EFBC}") = "UnityEngine.TestRunner", "UnityEngine.TestRunner.csproj", "{959ACD36-F0D7-15E6-2C13-E25F266DC021}"
EndProject
Project("{FAE04EC0-301F-11D3-BF4B-00C04F79EFBC}") = "Unity.Mathematics", "Unity.Mathematics.csproj", "{81BD15AA-DD09-CA80-6F16-9C95AA762D89}"
EndProject
Project("{FAE04EC0-301F-11D3-BF4B-00C04F79EFBC}") = "Unity.Timeline", "Unity.Timeline.csproj", "{AF81F091-AF13-A6C2-6D00-8F89F78FA910}"
EndProject
Project("{FAE04EC0-301F-11D3-BF4B-00C04F79EFBC}") = "Assembly-CSharp", "Assembly-CSharp.csproj", "{DF94315C-FCFD-822E-83D3-67A38CDF7C09}"
EndProject
Project("{FAE04EC0-301F-11D3-BF4B-00C04F79EFBC}") = "Unity.TextMeshPro", "Unity.TextMeshPro.csproj", "{3413CC09-A383-717A-D3A3-FD594047F5CE}"
EndProject
Project("{FAE04EC0-301F-11D3-BF4B-00C04F79EFBC}") = "Unity.Burst", "Unity.Burst.csproj", "{19EDC5FD-4BC5-9DD2-0DD4-B064169BF11E}"
EndProject
Project("{FAE04EC0-301F-11D3-BF4B-00C04F79EFBC}") = "Unity.2D.Animation.Runtime", "Unity.2D.Animation.Runtime.csproj", "{532733C0-A7AF-1E21-F611-91392442692C}"
EndProject
Project("{FAE04EC0-301F-11D3-BF4B-00C04F79EFBC}") = "Unity.2D.IK.Runtime", "Unity.2D.IK.Runtime.csproj", "{2B6751EC-5F66-B7C3-3994-9E3550C87EA9}"
EndProject
Project("{FAE04EC0-301F-11D3-BF4B-00C04F79EFBC}") = "Unity.2D.SpriteShape.Runtime", "Unity.2D.SpriteShape.Runtime.csproj", "{F796AFDB-EFBB-B830-F9F6-ABE277817788}"
EndProject
Project("{FAE04EC0-301F-11D3-BF4B-00C04F79EFBC}") = "Unity.2D.Common.Runtime", "Unity.2D.Common.Runtime.csproj", "{FB492A2F-F01D-2020-59EE-232570B8FBB6}"
EndProject
Project("{FAE04EC0-301F-11D3-BF4B-00C04F79EFBC}") = "Unity.2D.PixelPerfect", "Unity.2D.PixelPerfect.csproj", "{148BCF69-77BC-8E4C-1C80-A4C421C58A3A}"
EndProject
Project("{FAE04EC0-301F-11D3-BF4B-00C04F79EFBC}") = "Unity.InternalAPIEngineBridge.001", "Unity.InternalAPIEngineBridge.001.csproj", "{1C1A6CA9-D022-8991-BF3E-86119DC406DC}"
EndProject
Project("{FAE04EC0-301F-11D3-BF4B-00C04F79EFBC}") = "UnityEditor.TestRunner", "UnityEditor.TestRunner.csproj", "{8BE9DE68-56B0-D124-7D7E-4B50F8F457DA}"
EndProject
Project("{FAE04EC0-301F-11D3-BF4B-00C04F79EFBC}") = "Unity.2D.Psdimporter.Editor", "Unity.2D.Psdimporter.Editor.csproj", "{07B5A94D-E90A-10BC-6EBA-2E371C7A2C86}"
EndProject
Project("{FAE04EC0-301F-11D3-BF4B-00C04F79EFBC}") = "Unity.PlasticSCM.Editor", "Unity.PlasticSCM.Editor.csproj", "{C436BE3D-7191-D565-67ED-EF0BBA118D6A}"
EndProject
Project("{FAE04EC0-301F-11D3-BF4B-00C04F79EFBC}") = "UnityEditor.UI", "UnityEditor.UI.csproj", "{3C54FAEF-940C-1240-7BE0-FA00AC80F83C}"
EndProject
Project("{FAE04EC0-301F-11D3-BF4B-00C04F79EFBC}") = "Unity.Timeline.Editor", "Unity.Timeline.Editor.csproj", "{7DFC28D5-E917-9DE0-5558-83D5CCBAF92D}"
EndProject
Project("{FAE04EC0-301F-11D3-BF4B-00C04F79EFBC}") = "Unity.VisualStudio.Editor", "Unity.VisualStudio.Editor.csproj", "{556119A3-5BC7-511A-D27D-4B1051F246FE}"
EndProject
Project("{FAE04EC0-301F-11D3-BF4B-00C04F79EFBC}") = "Unity.2D.Animation.Editor", "Unity.2D.Animation.Editor.csproj", "{22E63117-BA29-A8FA-1459-D42871FB08A7}"
EndProject
Project("{FAE04EC0-301F-11D3-BF4B-00C04F79EFBC}") = "Unity.TextMeshPro.Editor", "Unity.TextMeshPro.Editor.csproj", "{3C9ECC19-A9D5-AC9E-3DEE-458E40DD9CEE}"
EndProject
Project("{FAE04EC0-301F-11D3-BF4B-00C04F79EFBC}") = "Unity.2D.SpriteShape.Editor", "Unity.2D.SpriteShape.Editor.csproj", "{92E6D5D7-E3EE-D654-AAC4-5C533AB30111}"
EndProject
Project("{FAE04EC0-301F-11D3-BF4B-00C04F79EFBC}") = "Unity.2D.PixelPerfect.Editor", "Unity.2D.PixelPerfect.Editor.csproj", "{728A5F0C-8496-A369-EFA1-074891849ED7}"
EndProject
Project("{FAE04EC0-301F-11D3-BF4B-00C04F79EFBC}") = "PsdPlugin", "PsdPlugin.csproj", "{D449305F-EB56-9542-9545-B2B50C89A8D0}"
EndProject
Project("{FAE04EC0-301F-11D3-BF4B-00C04F79EFBC}") = "Unity.2D.Tilemap.Editor", "Unity.2D.Tilemap.Editor.csproj", "{23C64263-7FD5-D1DD-2BAC-F5D11E3350EC}"
EndProject
Project("{FAE04EC0-301F-11D3-BF4B-00C04F79EFBC}") = "Unity.2D.Path.Editor", "Unity.2D.Path.Editor.csproj", "{BC4B6F4A-B305-C715-5DD7-D2DAEDFBA15D}"
EndProject
Project("{FAE04EC0-301F-11D3-BF4B-00C04F79EFBC}") = "Unity.Rider.Editor", "Unity.Rider.Editor.csproj", "{87331E0E-AF4D-E5BA-02E5-78CF69CDFB88}"
EndProject
Project("{FAE04EC0-301F-11D3-BF4B-00C04F79EFBC}") = "Unity.2D.Sprite.Editor", "Unity.2D.Sprite.Editor.csproj", "{AD28E2E0-6A27-A5C9-8D60-21A314681CAA}"
EndProject
Project("{FAE04EC0-301F-11D3-BF4B-00C04F79EFBC}") = "Unity.2D.IK.Editor", "Unity.2D.IK.Editor.csproj", "{A7E0393E-A4DF-70A8-2C44-0D8141506920}"
EndProject
Project("{FAE04EC0-301F-11D3-BF4B-00C04F79EFBC}") = "Unity.Burst.Editor", "Unity.Burst.Editor.csproj", "{6408A20F-D905-8723-A553-427FEA60D63F}"
EndProject
Project("{FAE04EC0-301F-11D3-BF4B-00C04F79EFBC}") = "Unity.Burst.CodeGen", "Unity.Burst.CodeGen.csproj", "{C6F61A96-5A43-5FD9-CBA5-C2DFE4867C73}"
EndProject
Project("{FAE04EC0-301F-11D3-BF4B-00C04F79EFBC}") = "Unity.VSCode.Editor", "Unity.VSCode.Editor.csproj", "{DAEF4FF3-36D1-CC45-3D83-AD5B344A38ED}"
EndProject
Project("{FAE04EC0-301F-11D3-BF4B-00C04F79EFBC}") = "Unity.2D.Common.Editor", "Unity.2D.Common.Editor.csproj", "{1CAF11D7-CBD4-93E7-4A0E-158DF3952551}"
EndProject
Project("{FAE04EC0-301F-11D3-BF4B-00C04F79EFBC}") = "Unity.Mathematics.Editor", "Unity.Mathematics.Editor.csproj", "{93CCF32F-E2C9-01B3-23C0-C60E8F9EBB8F}"
EndProject
Project("{FAE04EC0-301F-11D3-BF4B-00C04F79EFBC}") = "Unity.CollabProxy.Editor", "Unity.CollabProxy.Editor.csproj", "{BD3B9719-E8D8-521D-712B-6717B97F95B3}"
EndProject
Project("{FAE04EC0-301F-11D3-BF4B-00C04F79EFBC}") = "Unity.InternalAPIEditorBridge.001", "Unity.InternalAPIEditorBridge.001.csproj", "{953F9EFF-0769-0B2F-E0AE-F17FB08FF066}"
EndProject
Project("{FAE04EC0-301F-11D3-BF4B-00C04F79EFBC}") = "Assembly-CSharp-Editor", "Assembly-CSharp-Editor.csproj", "{D6699B22-E412-00A9-D084-50B3F7E1B6E5}"
EndProject
Project("{FAE04EC0-301F-11D3-BF4B-00C04F79EFBC}") = "UnityEngine.UI", "UnityEngine.UI.Player.csproj", "{0C04246E-F042-84E1-DEBC-C1C4E8847DA7}"
EndProject
Project("{FAE04EC0-301F-11D3-BF4B-00C04F79EFBC}") = "UnityEngine.TestRunner", "UnityEngine.TestRunner.Player.csproj", "{A06D36EB-0487-22E8-B484-E2D18027930E}"
EndProject
Project("{FAE04EC0-301F-11D3-BF4B-00C04F79EFBC}") = "Unity.Mathematics", "Unity.Mathematics.Player.csproj", "{73A252D0-D92C-8006-316B-DA1AF1DA9A6E}"
EndProject
Project("{FAE04EC0-301F-11D3-BF4B-00C04F79EFBC}") = "Unity.Timeline", "Unity.Timeline.Player.csproj", "{99BC6310-E6D9-DDAC-2BDB-8087A7400565}"
EndProject
Project("{FAE04EC0-301F-11D3-BF4B-00C04F79EFBC}") = "Assembly-CSharp", "Assembly-CSharp.Player.csproj", "{1B6CD7B0-A17F-FADD-A71B-48052255AE80}"
EndProject
Project("{FAE04EC0-301F-11D3-BF4B-00C04F79EFBC}") = "Unity.TextMeshPro", "Unity.TextMeshPro.Player.csproj", "{498898F9-D24E-5994-579F-2D831D9D1DE0}"
EndProject
Project("{FAE04EC0-301F-11D3-BF4B-00C04F79EFBC}") = "Unity.Burst", "Unity.Burst.Player.csproj", "{DF5F0C91-F5FC-F708-5626-4F47062D91C5}"
EndProject
Project("{FAE04EC0-301F-11D3-BF4B-00C04F79EFBC}") = "Unity.2D.Animation.Runtime", "Unity.2D.Animation.Runtime.Player.csproj", "{959967CE-A5EE-2BBE-29A9-C559E2F87FD7}"
EndProject
Project("{FAE04EC0-301F-11D3-BF4B-00C04F79EFBC}") = "Unity.2D.IK.Runtime", "Unity.2D.IK.Runtime.Player.csproj", "{761B87A0-358D-0523-B753-A020612C4F53}"
EndProject
Project("{FAE04EC0-301F-11D3-BF4B-00C04F79EFBC}") = "Unity.2D.SpriteShape.Runtime", "Unity.2D.SpriteShape.Runtime.Player.csproj", "{DDFC404D-52A8-4E3B-C645-ABCE258E62E9}"
EndProject
Project("{FAE04EC0-301F-11D3-BF4B-00C04F79EFBC}") = "Unity.2D.Common.Runtime", "Unity.2D.Common.Runtime.Player.csproj", "{349266DB-EF35-E180-A417-1C76A85E56F5}"
EndProject
Project("{FAE04EC0-301F-11D3-BF4B-00C04F79EFBC}") = "Unity.2D.PixelPerfect", "Unity.2D.PixelPerfect.Player.csproj", "{D84C679F-E71B-90CF-252D-C6C8E42A2C51}"
EndProject
Project("{FAE04EC0-301F-11D3-BF4B-00C04F79EFBC}") = "Unity.InternalAPIEngineBridge.001", "Unity.InternalAPIEngineBridge.001.Player.csproj", "{68D58F66-FE34-9A60-5A49-43A45F6910B6}"
EndProject
Global
	GlobalSection(SolutionConfigurationPlatforms) = preSolution
		Debug|Any CPU = Debug|Any CPU
		Release|Any CPU = Release|Any CPU
	EndGlobalSection
	GlobalSection(ProjectConfigurationPlatforms) = postSolution
		{29F3837C-3C2B-F07D-7C93-311F4AF5C4DC}.Debug|Any CPU.ActiveCfg = Debug|Any CPU
		{29F3837C-3C2B-F07D-7C93-311F4AF5C4DC}.Debug|Any CPU.Build.0 = Debug|Any CPU
		{29F3837C-3C2B-F07D-7C93-311F4AF5C4DC}.Release|Any CPU.ActiveCfg = Release|Any CPU
		{29F3837C-3C2B-F07D-7C93-311F4AF5C4DC}.Release|Any CPU.Build.0 = Release|Any CPU
		{959ACD36-F0D7-15E6-2C13-E25F266DC021}.Debug|Any CPU.ActiveCfg = Debug|Any CPU
		{959ACD36-F0D7-15E6-2C13-E25F266DC021}.Debug|Any CPU.Build.0 = Debug|Any CPU
		{959ACD36-F0D7-15E6-2C13-E25F266DC021}.Release|Any CPU.ActiveCfg = Release|Any CPU
		{959ACD36-F0D7-15E6-2C13-E25F266DC021}.Release|Any CPU.Build.0 = Release|Any CPU
		{81BD15AA-DD09-CA80-6F16-9C95AA762D89}.Debug|Any CPU.ActiveCfg = Debug|Any CPU
		{81BD15AA-DD09-CA80-6F16-9C95AA762D89}.Debug|Any CPU.Build.0 = Debug|Any CPU
		{81BD15AA-DD09-CA80-6F16-9C95AA762D89}.Release|Any CPU.ActiveCfg = Release|Any CPU
		{81BD15AA-DD09-CA80-6F16-9C95AA762D89}.Release|Any CPU.Build.0 = Release|Any CPU
		{AF81F091-AF13-A6C2-6D00-8F89F78FA910}.Debug|Any CPU.ActiveCfg = Debug|Any CPU
		{AF81F091-AF13-A6C2-6D00-8F89F78FA910}.Debug|Any CPU.Build.0 = Debug|Any CPU
		{AF81F091-AF13-A6C2-6D00-8F89F78FA910}.Release|Any CPU.ActiveCfg = Release|Any CPU
		{AF81F091-AF13-A6C2-6D00-8F89F78FA910}.Release|Any CPU.Build.0 = Release|Any CPU
		{DF94315C-FCFD-822E-83D3-67A38CDF7C09}.Debug|Any CPU.ActiveCfg = Debug|Any CPU
		{DF94315C-FCFD-822E-83D3-67A38CDF7C09}.Debug|Any CPU.Build.0 = Debug|Any CPU
		{DF94315C-FCFD-822E-83D3-67A38CDF7C09}.Release|Any CPU.ActiveCfg = Release|Any CPU
		{DF94315C-FCFD-822E-83D3-67A38CDF7C09}.Release|Any CPU.Build.0 = Release|Any CPU
		{3413CC09-A383-717A-D3A3-FD594047F5CE}.Debug|Any CPU.ActiveCfg = Debug|Any CPU
		{3413CC09-A383-717A-D3A3-FD594047F5CE}.Debug|Any CPU.Build.0 = Debug|Any CPU
		{3413CC09-A383-717A-D3A3-FD594047F5CE}.Release|Any CPU.ActiveCfg = Release|Any CPU
		{3413CC09-A383-717A-D3A3-FD594047F5CE}.Release|Any CPU.Build.0 = Release|Any CPU
		{19EDC5FD-4BC5-9DD2-0DD4-B064169BF11E}.Debug|Any CPU.ActiveCfg = Debug|Any CPU
		{19EDC5FD-4BC5-9DD2-0DD4-B064169BF11E}.Debug|Any CPU.Build.0 = Debug|Any CPU
		{19EDC5FD-4BC5-9DD2-0DD4-B064169BF11E}.Release|Any CPU.ActiveCfg = Release|Any CPU
		{19EDC5FD-4BC5-9DD2-0DD4-B064169BF11E}.Release|Any CPU.Build.0 = Release|Any CPU
		{532733C0-A7AF-1E21-F611-91392442692C}.Debug|Any CPU.ActiveCfg = Debug|Any CPU
		{532733C0-A7AF-1E21-F611-91392442692C}.Debug|Any CPU.Build.0 = Debug|Any CPU
		{532733C0-A7AF-1E21-F611-91392442692C}.Release|Any CPU.ActiveCfg = Release|Any CPU
		{532733C0-A7AF-1E21-F611-91392442692C}.Release|Any CPU.Build.0 = Release|Any CPU
		{2B6751EC-5F66-B7C3-3994-9E3550C87EA9}.Debug|Any CPU.ActiveCfg = Debug|Any CPU
		{2B6751EC-5F66-B7C3-3994-9E3550C87EA9}.Debug|Any CPU.Build.0 = Debug|Any CPU
		{2B6751EC-5F66-B7C3-3994-9E3550C87EA9}.Release|Any CPU.ActiveCfg = Release|Any CPU
		{2B6751EC-5F66-B7C3-3994-9E3550C87EA9}.Release|Any CPU.Build.0 = Release|Any CPU
		{F796AFDB-EFBB-B830-F9F6-ABE277817788}.Debug|Any CPU.ActiveCfg = Debug|Any CPU
		{F796AFDB-EFBB-B830-F9F6-ABE277817788}.Debug|Any CPU.Build.0 = Debug|Any CPU
		{F796AFDB-EFBB-B830-F9F6-ABE277817788}.Release|Any CPU.ActiveCfg = Release|Any CPU
		{F796AFDB-EFBB-B830-F9F6-ABE277817788}.Release|Any CPU.Build.0 = Release|Any CPU
		{FB492A2F-F01D-2020-59EE-232570B8FBB6}.Debug|Any CPU.ActiveCfg = Debug|Any CPU
		{FB492A2F-F01D-2020-59EE-232570B8FBB6}.Debug|Any CPU.Build.0 = Debug|Any CPU
		{FB492A2F-F01D-2020-59EE-232570B8FBB6}.Release|Any CPU.ActiveCfg = Release|Any CPU
		{FB492A2F-F01D-2020-59EE-232570B8FBB6}.Release|Any CPU.Build.0 = Release|Any CPU
		{148BCF69-77BC-8E4C-1C80-A4C421C58A3A}.Debug|Any CPU.ActiveCfg = Debug|Any CPU
		{148BCF69-77BC-8E4C-1C80-A4C421C58A3A}.Debug|Any CPU.Build.0 = Debug|Any CPU
		{148BCF69-77BC-8E4C-1C80-A4C421C58A3A}.Release|Any CPU.ActiveCfg = Release|Any CPU
		{148BCF69-77BC-8E4C-1C80-A4C421C58A3A}.Release|Any CPU.Build.0 = Release|Any CPU
		{1C1A6CA9-D022-8991-BF3E-86119DC406DC}.Debug|Any CPU.ActiveCfg = Debug|Any CPU
		{1C1A6CA9-D022-8991-BF3E-86119DC406DC}.Debug|Any CPU.Build.0 = Debug|Any CPU
		{1C1A6CA9-D022-8991-BF3E-86119DC406DC}.Release|Any CPU.ActiveCfg = Release|Any CPU
		{1C1A6CA9-D022-8991-BF3E-86119DC406DC}.Release|Any CPU.Build.0 = Release|Any CPU
		{8BE9DE68-56B0-D124-7D7E-4B50F8F457DA}.Debug|Any CPU.ActiveCfg = Debug|Any CPU
		{8BE9DE68-56B0-D124-7D7E-4B50F8F457DA}.Debug|Any CPU.Build.0 = Debug|Any CPU
		{8BE9DE68-56B0-D124-7D7E-4B50F8F457DA}.Release|Any CPU.ActiveCfg = Release|Any CPU
		{8BE9DE68-56B0-D124-7D7E-4B50F8F457DA}.Release|Any CPU.Build.0 = Release|Any CPU
		{07B5A94D-E90A-10BC-6EBA-2E371C7A2C86}.Debug|Any CPU.ActiveCfg = Debug|Any CPU
		{07B5A94D-E90A-10BC-6EBA-2E371C7A2C86}.Debug|Any CPU.Build.0 = Debug|Any CPU
		{07B5A94D-E90A-10BC-6EBA-2E371C7A2C86}.Release|Any CPU.ActiveCfg = Release|Any CPU
		{07B5A94D-E90A-10BC-6EBA-2E371C7A2C86}.Release|Any CPU.Build.0 = Release|Any CPU
		{C436BE3D-7191-D565-67ED-EF0BBA118D6A}.Debug|Any CPU.ActiveCfg = Debug|Any CPU
		{C436BE3D-7191-D565-67ED-EF0BBA118D6A}.Debug|Any CPU.Build.0 = Debug|Any CPU
		{C436BE3D-7191-D565-67ED-EF0BBA118D6A}.Release|Any CPU.ActiveCfg = Release|Any CPU
		{C436BE3D-7191-D565-67ED-EF0BBA118D6A}.Release|Any CPU.Build.0 = Release|Any CPU
		{3C54FAEF-940C-1240-7BE0-FA00AC80F83C}.Debug|Any CPU.ActiveCfg = Debug|Any CPU
		{3C54FAEF-940C-1240-7BE0-FA00AC80F83C}.Debug|Any CPU.Build.0 = Debug|Any CPU
		{3C54FAEF-940C-1240-7BE0-FA00AC80F83C}.Release|Any CPU.ActiveCfg = Release|Any CPU
		{3C54FAEF-940C-1240-7BE0-FA00AC80F83C}.Release|Any CPU.Build.0 = Release|Any CPU
		{7DFC28D5-E917-9DE0-5558-83D5CCBAF92D}.Debug|Any CPU.ActiveCfg = Debug|Any CPU
		{7DFC28D5-E917-9DE0-5558-83D5CCBAF92D}.Debug|Any CPU.Build.0 = Debug|Any CPU
		{7DFC28D5-E917-9DE0-5558-83D5CCBAF92D}.Release|Any CPU.ActiveCfg = Release|Any CPU
		{7DFC28D5-E917-9DE0-5558-83D5CCBAF92D}.Release|Any CPU.Build.0 = Release|Any CPU
		{556119A3-5BC7-511A-D27D-4B1051F246FE}.Debug|Any CPU.ActiveCfg = Debug|Any CPU
		{556119A3-5BC7-511A-D27D-4B1051F246FE}.Debug|Any CPU.Build.0 = Debug|Any CPU
		{556119A3-5BC7-511A-D27D-4B1051F246FE}.Release|Any CPU.ActiveCfg = Release|Any CPU
		{556119A3-5BC7-511A-D27D-4B1051F246FE}.Release|Any CPU.Build.0 = Release|Any CPU
		{22E63117-BA29-A8FA-1459-D42871FB08A7}.Debug|Any CPU.ActiveCfg = Debug|Any CPU
		{22E63117-BA29-A8FA-1459-D42871FB08A7}.Debug|Any CPU.Build.0 = Debug|Any CPU
		{22E63117-BA29-A8FA-1459-D42871FB08A7}.Release|Any CPU.ActiveCfg = Release|Any CPU
		{22E63117-BA29-A8FA-1459-D42871FB08A7}.Release|Any CPU.Build.0 = Release|Any CPU
		{3C9ECC19-A9D5-AC9E-3DEE-458E40DD9CEE}.Debug|Any CPU.ActiveCfg = Debug|Any CPU
		{3C9ECC19-A9D5-AC9E-3DEE-458E40DD9CEE}.Debug|Any CPU.Build.0 = Debug|Any CPU
		{3C9ECC19-A9D5-AC9E-3DEE-458E40DD9CEE}.Release|Any CPU.ActiveCfg = Release|Any CPU
		{3C9ECC19-A9D5-AC9E-3DEE-458E40DD9CEE}.Release|Any CPU.Build.0 = Release|Any CPU
		{92E6D5D7-E3EE-D654-AAC4-5C533AB30111}.Debug|Any CPU.ActiveCfg = Debug|Any CPU
		{92E6D5D7-E3EE-D654-AAC4-5C533AB30111}.Debug|Any CPU.Build.0 = Debug|Any CPU
		{92E6D5D7-E3EE-D654-AAC4-5C533AB30111}.Release|Any CPU.ActiveCfg = Release|Any CPU
		{92E6D5D7-E3EE-D654-AAC4-5C533AB30111}.Release|Any CPU.Build.0 = Release|Any CPU
		{728A5F0C-8496-A369-EFA1-074891849ED7}.Debug|Any CPU.ActiveCfg = Debug|Any CPU
		{728A5F0C-8496-A369-EFA1-074891849ED7}.Debug|Any CPU.Build.0 = Debug|Any CPU
		{728A5F0C-8496-A369-EFA1-074891849ED7}.Release|Any CPU.ActiveCfg = Release|Any CPU
		{728A5F0C-8496-A369-EFA1-074891849ED7}.Release|Any CPU.Build.0 = Release|Any CPU
		{D449305F-EB56-9542-9545-B2B50C89A8D0}.Debug|Any CPU.ActiveCfg = Debug|Any CPU
		{D449305F-EB56-9542-9545-B2B50C89A8D0}.Debug|Any CPU.Build.0 = Debug|Any CPU
		{D449305F-EB56-9542-9545-B2B50C89A8D0}.Release|Any CPU.ActiveCfg = Release|Any CPU
		{D449305F-EB56-9542-9545-B2B50C89A8D0}.Release|Any CPU.Build.0 = Release|Any CPU
		{23C64263-7FD5-D1DD-2BAC-F5D11E3350EC}.Debug|Any CPU.ActiveCfg = Debug|Any CPU
		{23C64263-7FD5-D1DD-2BAC-F5D11E3350EC}.Debug|Any CPU.Build.0 = Debug|Any CPU
		{23C64263-7FD5-D1DD-2BAC-F5D11E3350EC}.Release|Any CPU.ActiveCfg = Release|Any CPU
		{23C64263-7FD5-D1DD-2BAC-F5D11E3350EC}.Release|Any CPU.Build.0 = Release|Any CPU
		{BC4B6F4A-B305-C715-5DD7-D2DAEDFBA15D}.Debug|Any CPU.ActiveCfg = Debug|Any CPU
		{BC4B6F4A-B305-C715-5DD7-D2DAEDFBA15D}.Debug|Any CPU.Build.0 = Debug|Any CPU
		{BC4B6F4A-B305-C715-5DD7-D2DAEDFBA15D}.Release|Any CPU.ActiveCfg = Release|Any CPU
		{BC4B6F4A-B305-C715-5DD7-D2DAEDFBA15D}.Release|Any CPU.Build.0 = Release|Any CPU
		{87331E0E-AF4D-E5BA-02E5-78CF69CDFB88}.Debug|Any CPU.ActiveCfg = Debug|Any CPU
		{87331E0E-AF4D-E5BA-02E5-78CF69CDFB88}.Debug|Any CPU.Build.0 = Debug|Any CPU
		{87331E0E-AF4D-E5BA-02E5-78CF69CDFB88}.Release|Any CPU.ActiveCfg = Release|Any CPU
		{87331E0E-AF4D-E5BA-02E5-78CF69CDFB88}.Release|Any CPU.Build.0 = Release|Any CPU
		{AD28E2E0-6A27-A5C9-8D60-21A314681CAA}.Debug|Any CPU.ActiveCfg = Debug|Any CPU
		{AD28E2E0-6A27-A5C9-8D60-21A314681CAA}.Debug|Any CPU.Build.0 = Debug|Any CPU
		{AD28E2E0-6A27-A5C9-8D60-21A314681CAA}.Release|Any CPU.ActiveCfg = Release|Any CPU
		{AD28E2E0-6A27-A5C9-8D60-21A314681CAA}.Release|Any CPU.Build.0 = Release|Any CPU
		{A7E0393E-A4DF-70A8-2C44-0D8141506920}.Debug|Any CPU.ActiveCfg = Debug|Any CPU
		{A7E0393E-A4DF-70A8-2C44-0D8141506920}.Debug|Any CPU.Build.0 = Debug|Any CPU
		{A7E0393E-A4DF-70A8-2C44-0D8141506920}.Release|Any CPU.ActiveCfg = Release|Any CPU
		{A7E0393E-A4DF-70A8-2C44-0D8141506920}.Release|Any CPU.Build.0 = Release|Any CPU
		{6408A20F-D905-8723-A553-427FEA60D63F}.Debug|Any CPU.ActiveCfg = Debug|Any CPU
		{6408A20F-D905-8723-A553-427FEA60D63F}.Debug|Any CPU.Build.0 = Debug|Any CPU
		{6408A20F-D905-8723-A553-427FEA60D63F}.Release|Any CPU.ActiveCfg = Release|Any CPU
		{6408A20F-D905-8723-A553-427FEA60D63F}.Release|Any CPU.Build.0 = Release|Any CPU
		{C6F61A96-5A43-5FD9-CBA5-C2DFE4867C73}.Debug|Any CPU.ActiveCfg = Debug|Any CPU
		{C6F61A96-5A43-5FD9-CBA5-C2DFE4867C73}.Debug|Any CPU.Build.0 = Debug|Any CPU
		{C6F61A96-5A43-5FD9-CBA5-C2DFE4867C73}.Release|Any CPU.ActiveCfg = Release|Any CPU
		{C6F61A96-5A43-5FD9-CBA5-C2DFE4867C73}.Release|Any CPU.Build.0 = Release|Any CPU
		{DAEF4FF3-36D1-CC45-3D83-AD5B344A38ED}.Debug|Any CPU.ActiveCfg = Debug|Any CPU
		{DAEF4FF3-36D1-CC45-3D83-AD5B344A38ED}.Debug|Any CPU.Build.0 = Debug|Any CPU
		{DAEF4FF3-36D1-CC45-3D83-AD5B344A38ED}.Release|Any CPU.ActiveCfg = Release|Any CPU
		{DAEF4FF3-36D1-CC45-3D83-AD5B344A38ED}.Release|Any CPU.Build.0 = Release|Any CPU
		{1CAF11D7-CBD4-93E7-4A0E-158DF3952551}.Debug|Any CPU.ActiveCfg = Debug|Any CPU
		{1CAF11D7-CBD4-93E7-4A0E-158DF3952551}.Debug|Any CPU.Build.0 = Debug|Any CPU
		{1CAF11D7-CBD4-93E7-4A0E-158DF3952551}.Release|Any CPU.ActiveCfg = Release|Any CPU
		{1CAF11D7-CBD4-93E7-4A0E-158DF3952551}.Release|Any CPU.Build.0 = Release|Any CPU
		{93CCF32F-E2C9-01B3-23C0-C60E8F9EBB8F}.Debug|Any CPU.ActiveCfg = Debug|Any CPU
		{93CCF32F-E2C9-01B3-23C0-C60E8F9EBB8F}.Debug|Any CPU.Build.0 = Debug|Any CPU
		{93CCF32F-E2C9-01B3-23C0-C60E8F9EBB8F}.Release|Any CPU.ActiveCfg = Release|Any CPU
		{93CCF32F-E2C9-01B3-23C0-C60E8F9EBB8F}.Release|Any CPU.Build.0 = Release|Any CPU
		{BD3B9719-E8D8-521D-712B-6717B97F95B3}.Debug|Any CPU.ActiveCfg = Debug|Any CPU
		{BD3B9719-E8D8-521D-712B-6717B97F95B3}.Debug|Any CPU.Build.0 = Debug|Any CPU
		{BD3B9719-E8D8-521D-712B-6717B97F95B3}.Release|Any CPU.ActiveCfg = Release|Any CPU
		{BD3B9719-E8D8-521D-712B-6717B97F95B3}.Release|Any CPU.Build.0 = Release|Any CPU
		{953F9EFF-0769-0B2F-E0AE-F17FB08FF066}.Debug|Any CPU.ActiveCfg = Debug|Any CPU
		{953F9EFF-0769-0B2F-E0AE-F17FB08FF066}.Debug|Any CPU.Build.0 = Debug|Any CPU
		{953F9EFF-0769-0B2F-E0AE-F17FB08FF066}.Release|Any CPU.ActiveCfg = Release|Any CPU
		{953F9EFF-0769-0B2F-E0AE-F17FB08FF066}.Release|Any CPU.Build.0 = Release|Any CPU
		{D6699B22-E412-00A9-D084-50B3F7E1B6E5}.Debug|Any CPU.ActiveCfg = Debug|Any CPU
		{D6699B22-E412-00A9-D084-50B3F7E1B6E5}.Debug|Any CPU.Build.0 = Debug|Any CPU
		{D6699B22-E412-00A9-D084-50B3F7E1B6E5}.Release|Any CPU.ActiveCfg = Release|Any CPU
		{D6699B22-E412-00A9-D084-50B3F7E1B6E5}.Release|Any CPU.Build.0 = Release|Any CPU
		{0C04246E-F042-84E1-DEBC-C1C4E8847DA7}.Debug|Any CPU.ActiveCfg = Debug|Any CPU
		{0C04246E-F042-84E1-DEBC-C1C4E8847DA7}.Debug|Any CPU.Build.0 = Debug|Any CPU
		{0C04246E-F042-84E1-DEBC-C1C4E8847DA7}.Release|Any CPU.ActiveCfg = Release|Any CPU
		{0C04246E-F042-84E1-DEBC-C1C4E8847DA7}.Release|Any CPU.Build.0 = Release|Any CPU
		{A06D36EB-0487-22E8-B484-E2D18027930E}.Debug|Any CPU.ActiveCfg = Debug|Any CPU
		{A06D36EB-0487-22E8-B484-E2D18027930E}.Debug|Any CPU.Build.0 = Debug|Any CPU
		{A06D36EB-0487-22E8-B484-E2D18027930E}.Release|Any CPU.ActiveCfg = Release|Any CPU
		{A06D36EB-0487-22E8-B484-E2D18027930E}.Release|Any CPU.Build.0 = Release|Any CPU
		{73A252D0-D92C-8006-316B-DA1AF1DA9A6E}.Debug|Any CPU.ActiveCfg = Debug|Any CPU
		{73A252D0-D92C-8006-316B-DA1AF1DA9A6E}.Debug|Any CPU.Build.0 = Debug|Any CPU
		{73A252D0-D92C-8006-316B-DA1AF1DA9A6E}.Release|Any CPU.ActiveCfg = Release|Any CPU
		{73A252D0-D92C-8006-316B-DA1AF1DA9A6E}.Release|Any CPU.Build.0 = Release|Any CPU
		{99BC6310-E6D9-DDAC-2BDB-8087A7400565}.Debug|Any CPU.ActiveCfg = Debug|Any CPU
		{99BC6310-E6D9-DDAC-2BDB-8087A7400565}.Debug|Any CPU.Build.0 = Debug|Any CPU
		{99BC6310-E6D9-DDAC-2BDB-8087A7400565}.Release|Any CPU.ActiveCfg = Release|Any CPU
		{99BC6310-E6D9-DDAC-2BDB-8087A7400565}.Release|Any CPU.Build.0 = Release|Any CPU
		{1B6CD7B0-A17F-FADD-A71B-48052255AE80}.Debug|Any CPU.ActiveCfg = Debug|Any CPU
		{1B6CD7B0-A17F-FADD-A71B-48052255AE80}.Debug|Any CPU.Build.0 = Debug|Any CPU
		{1B6CD7B0-A17F-FADD-A71B-48052255AE80}.Release|Any CPU.ActiveCfg = Release|Any CPU
		{1B6CD7B0-A17F-FADD-A71B-48052255AE80}.Release|Any CPU.Build.0 = Release|Any CPU
		{498898F9-D24E-5994-579F-2D831D9D1DE0}.Debug|Any CPU.ActiveCfg = Debug|Any CPU
		{498898F9-D24E-5994-579F-2D831D9D1DE0}.Debug|Any CPU.Build.0 = Debug|Any CPU
		{498898F9-D24E-5994-579F-2D831D9D1DE0}.Release|Any CPU.ActiveCfg = Release|Any CPU
		{498898F9-D24E-5994-579F-2D831D9D1DE0}.Release|Any CPU.Build.0 = Release|Any CPU
		{DF5F0C91-F5FC-F708-5626-4F47062D91C5}.Debug|Any CPU.ActiveCfg = Debug|Any CPU
		{DF5F0C91-F5FC-F708-5626-4F47062D91C5}.Debug|Any CPU.Build.0 = Debug|Any CPU
		{DF5F0C91-F5FC-F708-5626-4F47062D91C5}.Release|Any CPU.ActiveCfg = Release|Any CPU
		{DF5F0C91-F5FC-F708-5626-4F47062D91C5}.Release|Any CPU.Build.0 = Release|Any CPU
		{959967CE-A5EE-2BBE-29A9-C559E2F87FD7}.Debug|Any CPU.ActiveCfg = Debug|Any CPU
		{959967CE-A5EE-2BBE-29A9-C559E2F87FD7}.Debug|Any CPU.Build.0 = Debug|Any CPU
		{959967CE-A5EE-2BBE-29A9-C559E2F87FD7}.Release|Any CPU.ActiveCfg = Release|Any CPU
		{959967CE-A5EE-2BBE-29A9-C559E2F87FD7}.Release|Any CPU.Build.0 = Release|Any CPU
		{761B87A0-358D-0523-B753-A020612C4F53}.Debug|Any CPU.ActiveCfg = Debug|Any CPU
		{761B87A0-358D-0523-B753-A020612C4F53}.Debug|Any CPU.Build.0 = Debug|Any CPU
		{761B87A0-358D-0523-B753-A020612C4F53}.Release|Any CPU.ActiveCfg = Release|Any CPU
		{761B87A0-358D-0523-B753-A020612C4F53}.Release|Any CPU.Build.0 = Release|Any CPU
		{DDFC404D-52A8-4E3B-C645-ABCE258E62E9}.Debug|Any CPU.ActiveCfg = Debug|Any CPU
		{DDFC404D-52A8-4E3B-C645-ABCE258E62E9}.Debug|Any CPU.Build.0 = Debug|Any CPU
		{DDFC404D-52A8-4E3B-C645-ABCE258E62E9}.Release|Any CPU.ActiveCfg = Release|Any CPU
		{DDFC404D-52A8-4E3B-C645-ABCE258E62E9}.Release|Any CPU.Build.0 = Release|Any CPU
		{349266DB-EF35-E180-A417-1C76A85E56F5}.Debug|Any CPU.ActiveCfg = Debug|Any CPU
		{349266DB-EF35-E180-A417-1C76A85E56F5}.Debug|Any CPU.Build.0 = Debug|Any CPU
		{349266DB-EF35-E180-A417-1C76A85E56F5}.Release|Any CPU.ActiveCfg = Release|Any CPU
		{349266DB-EF35-E180-A417-1C76A85E56F5}.Release|Any CPU.Build.0 = Release|Any CPU
		{D84C679F-E71B-90CF-252D-C6C8E42A2C51}.Debug|Any CPU.ActiveCfg = Debug|Any CPU
		{D84C679F-E71B-90CF-252D-C6C8E42A2C51}.Debug|Any CPU.Build.0 = Debug|Any CPU
		{D84C679F-E71B-90CF-252D-C6C8E42A2C51}.Release|Any CPU.ActiveCfg = Release|Any CPU
		{D84C679F-E71B-90CF-252D-C6C8E42A2C51}.Release|Any CPU.Build.0 = Release|Any CPU
		{68D58F66-FE34-9A60-5A49-43A45F6910B6}.Debug|Any CPU.ActiveCfg = Debug|Any CPU
		{68D58F66-FE34-9A60-5A49-43A45F6910B6}.Debug|Any CPU.Build.0 = Debug|Any CPU
		{68D58F66-FE34-9A60-5A49-43A45F6910B6}.Release|Any CPU.ActiveCfg = Release|Any CPU
		{68D58F66-FE34-9A60-5A49-43A45F6910B6}.Release|Any CPU.Build.0 = Release|Any CPU
	EndGlobalSection
	GlobalSection(SolutionProperties) = preSolution
		HideSolutionNode = FALSE
	EndGlobalSection
EndGlobal
